
Microsoft Visual Studio Solution File, Format Version 12.00
# Visual Studio Version 17
VisualStudioVersion = 17.12.35514.174
MinimumVisualStudioVersion = 10.0.40219.1
Project("{FAE04EC0-301F-11D3-BF4B-00C04F79EFBC}") = "GoldenRaspberryAward.Api", "GoldenRaspberryAward.Api\GoldenRaspberryAward.Api.csproj", "{2724AB4B-EDB8-40E0-B002-BB07510192F9}"
EndProject
Project("{FAE04EC0-301F-11D3-BF4B-00C04F79EFBC}") = "GoldenRaspberryAward.Data", "GoldenRaspberryAward.Data\GoldenRaspberryAward.Data.csproj", "{8C6DE058-0B53-421D-8A9E-68B147C0EBA0}"
EndProject
Project("{FAE04EC0-301F-11D3-BF4B-00C04F79EFBC}") = "GoldenRaspberryAward.Tests", "GoldenRaspberryAward.Tests\GoldenRaspberryAward.Tests.csproj", "{E79B91E6-C500-4247-A1AE-EDBB381EA62B}"
EndProject
Global
	GlobalSection(SolutionConfigurationPlatforms) = preSolution
		Debug|Any CPU = Debug|Any CPU
		Release|Any CPU = Release|Any CPU
	EndGlobalSection
	GlobalSection(ProjectConfigurationPlatforms) = postSolution
		{2724AB4B-EDB8-40E0-B002-BB07510192F9}.Debug|Any CPU.ActiveCfg = Debug|Any CPU
		{2724AB4B-EDB8-40E0-B002-BB07510192F9}.Debug|Any CPU.Build.0 = Debug|Any CPU
		{2724AB4B-EDB8-40E0-B002-BB07510192F9}.Release|Any CPU.ActiveCfg = Release|Any CPU
		{2724AB4B-EDB8-40E0-B002-BB07510192F9}.Release|Any CPU.Build.0 = Release|Any CPU
		{8C6DE058-0B53-421D-8A9E-68B147C0EBA0}.Debug|Any CPU.ActiveCfg = Debug|Any CPU
		{8C6DE058-0B53-421D-8A9E-68B147C0EBA0}.Debug|Any CPU.Build.0 = Debug|Any CPU
		{8C6DE058-0B53-421D-8A9E-68B147C0EBA0}.Release|Any CPU.ActiveCfg = Release|Any CPU
		{8C6DE058-0B53-421D-8A9E-68B147C0EBA0}.Release|Any CPU.Build.0 = Release|Any CPU
		{E79B91E6-C500-4247-A1AE-EDBB381EA62B}.Debug|Any CPU.ActiveCfg = Debug|Any CPU
		{E79B91E6-C500-4247-A1AE-EDBB381EA62B}.Debug|Any CPU.Build.0 = Debug|Any CPU
		{E79B91E6-C500-4247-A1AE-EDBB381EA62B}.Release|Any CPU.ActiveCfg = Release|Any CPU
		{E79B91E6-C500-4247-A1AE-EDBB381EA62B}.Release|Any CPU.Build.0 = Release|Any CPU
	EndGlobalSection
	GlobalSection(SolutionProperties) = preSolution
		HideSolutionNode = FALSE
	EndGlobalSection
EndGlobal
